
Microsoft Visual Studio Solution File, Format Version 12.00
# Visual Studio Version 16
VisualStudioVersion = 16.0.29911.84
MinimumVisualStudioVersion = 10.0.40219.1
Project("{FAE04EC0-301F-11D3-BF4B-00C04F79EFBC}") = "HpgViewer", "HpgViewer\HpgViewer.csproj", "{8D2EA564-25B4-43EB-96CA-B7FA50BF2675}"
EndProject
Global
	GlobalSection(SolutionConfigurationPlatforms) = preSolution
		Debug|Any CPU = Debug|Any CPU
		Release|Any CPU = Release|Any CPU
	EndGlobalSection
	GlobalSection(ProjectConfigurationPlatforms) = postSolution
		{8D2EA564-25B4-43EB-96CA-B7FA50BF2675}.Debug|Any CPU.ActiveCfg = Debug|Any CPU
		{8D2EA564-25B4-43EB-96CA-B7FA50BF2675}.Debug|Any CPU.Build.0 = Debug|Any CPU
		{8D2EA564-25B4-43EB-96CA-B7FA50BF2675}.Release|Any CPU.ActiveCfg = Release|Any CPU
		{8D2EA564-25B4-43EB-96CA-B7FA50BF2675}.Release|Any CPU.Build.0 = Release|Any CPU
	EndGlobalSection
	GlobalSection(SolutionProperties) = preSolution
		HideSolutionNode = FALSE
	EndGlobalSection
	GlobalSection(ExtensibilityGlobals) = postSolution
		SolutionGuid = {89231B7A-1D62-433E-A063-91EE99824BEA}
	EndGlobalSection
EndGlobal
